
Microsoft Visual Studio Solution File, Format Version 12.00
Project("{FAE04EC0-301F-11D3-BF4B-00C04F79EFBC}") = "Circus.Server", "Circus.Server\Circus.Server.csproj", "{6457219F-434E-4488-ACFA-7F6543371E91}"
EndProject
Project("{2150E333-8FDC-42A3-9474-1A3956D46DE8}") = "Database", "Database", "{D159F0CA-8735-4291-AE5F-124F074DBF6E}"
EndProject
Project("{FAE04EC0-301F-11D3-BF4B-00C04F79EFBC}") = "Circus.Database.Context", "Database\Circus.Database.Context\Circus.Database.Context.csproj", "{7ED329C9-9185-4318-8D71-F7C83DBC2A80}"
EndProject
Project("{FAE04EC0-301F-11D3-BF4B-00C04F79EFBC}") = "Circus.Database.Models", "Database\Circus.Database.Models\Circus.Database.Models.csproj", "{AF03A2DE-F0F6-49B9-A7A9-FE87431348BE}"
EndProject
Project("{FAE04EC0-301F-11D3-BF4B-00C04F79EFBC}") = "Circus.Database.Repositories", "Database\Circus.Database.Repositories\Circus.Database.Repositories.csproj", "{B2218B90-D53E-4AC8-BB56-52DD36BEE359}"
EndProject
Project("{2150E333-8FDC-42A3-9474-1A3956D46DE8}") = "Dto", "Dto", "{FD530113-884C-4330-8462-189909D2EB8C}"
EndProject
Project("{FAE04EC0-301F-11D3-BF4B-00C04F79EFBC}") = "Circus.Dto.Http", "Dto\Circus.Dto.Http\Circus.Dto.Http.csproj", "{2E93AE00-9707-490B-9BA9-F93829EA9D0E}"
EndProject
Project("{FAE04EC0-301F-11D3-BF4B-00C04F79EFBC}") = "Circus.Core", "Circus.Core\Circus.Core.csproj", "{D388A055-130A-4597-A1F7-F7A6469697B6}"
EndProject
Global
	GlobalSection(SolutionConfigurationPlatforms) = preSolution
		Debug|Any CPU = Debug|Any CPU
		Release|Any CPU = Release|Any CPU
	EndGlobalSection
	GlobalSection(ProjectConfigurationPlatforms) = postSolution
		{6457219F-434E-4488-ACFA-7F6543371E91}.Debug|Any CPU.ActiveCfg = Debug|Any CPU
		{6457219F-434E-4488-ACFA-7F6543371E91}.Debug|Any CPU.Build.0 = Debug|Any CPU
		{6457219F-434E-4488-ACFA-7F6543371E91}.Release|Any CPU.ActiveCfg = Release|Any CPU
		{6457219F-434E-4488-ACFA-7F6543371E91}.Release|Any CPU.Build.0 = Release|Any CPU
		{7ED329C9-9185-4318-8D71-F7C83DBC2A80}.Debug|Any CPU.ActiveCfg = Debug|Any CPU
		{7ED329C9-9185-4318-8D71-F7C83DBC2A80}.Debug|Any CPU.Build.0 = Debug|Any CPU
		{7ED329C9-9185-4318-8D71-F7C83DBC2A80}.Release|Any CPU.ActiveCfg = Release|Any CPU
		{7ED329C9-9185-4318-8D71-F7C83DBC2A80}.Release|Any CPU.Build.0 = Release|Any CPU
		{AF03A2DE-F0F6-49B9-A7A9-FE87431348BE}.Debug|Any CPU.ActiveCfg = Debug|Any CPU
		{AF03A2DE-F0F6-49B9-A7A9-FE87431348BE}.Debug|Any CPU.Build.0 = Debug|Any CPU
		{AF03A2DE-F0F6-49B9-A7A9-FE87431348BE}.Release|Any CPU.ActiveCfg = Release|Any CPU
		{AF03A2DE-F0F6-49B9-A7A9-FE87431348BE}.Release|Any CPU.Build.0 = Release|Any CPU
		{B2218B90-D53E-4AC8-BB56-52DD36BEE359}.Debug|Any CPU.ActiveCfg = Debug|Any CPU
		{B2218B90-D53E-4AC8-BB56-52DD36BEE359}.Debug|Any CPU.Build.0 = Debug|Any CPU
		{B2218B90-D53E-4AC8-BB56-52DD36BEE359}.Release|Any CPU.ActiveCfg = Release|Any CPU
		{B2218B90-D53E-4AC8-BB56-52DD36BEE359}.Release|Any CPU.Build.0 = Release|Any CPU
		{2E93AE00-9707-490B-9BA9-F93829EA9D0E}.Debug|Any CPU.ActiveCfg = Debug|Any CPU
		{2E93AE00-9707-490B-9BA9-F93829EA9D0E}.Debug|Any CPU.Build.0 = Debug|Any CPU
		{2E93AE00-9707-490B-9BA9-F93829EA9D0E}.Release|Any CPU.ActiveCfg = Release|Any CPU
		{2E93AE00-9707-490B-9BA9-F93829EA9D0E}.Release|Any CPU.Build.0 = Release|Any CPU
		{D388A055-130A-4597-A1F7-F7A6469697B6}.Debug|Any CPU.ActiveCfg = Debug|Any CPU
		{D388A055-130A-4597-A1F7-F7A6469697B6}.Debug|Any CPU.Build.0 = Debug|Any CPU
		{D388A055-130A-4597-A1F7-F7A6469697B6}.Release|Any CPU.ActiveCfg = Release|Any CPU
		{D388A055-130A-4597-A1F7-F7A6469697B6}.Release|Any CPU.Build.0 = Release|Any CPU
	EndGlobalSection
	GlobalSection(NestedProjects) = preSolution
		{7ED329C9-9185-4318-8D71-F7C83DBC2A80} = {D159F0CA-8735-4291-AE5F-124F074DBF6E}
		{AF03A2DE-F0F6-49B9-A7A9-FE87431348BE} = {D159F0CA-8735-4291-AE5F-124F074DBF6E}
		{B2218B90-D53E-4AC8-BB56-52DD36BEE359} = {D159F0CA-8735-4291-AE5F-124F074DBF6E}
		{2E93AE00-9707-490B-9BA9-F93829EA9D0E} = {FD530113-884C-4330-8462-189909D2EB8C}
	EndGlobalSection
EndGlobal
